lockfileVersion: '6.0'

devDependencies:
  '@prisma/client':
    specifier: ^5.1.1
    version: 5.1.1
  '@types/node':
    specifier: ^20.5.1
    version: 20.5.1
  typescript:
    specifier: ^5.1.6
    version: 5.1.6

packages:

  /@prisma/client@5.1.1:
    resolution: {integrity: sha512-fxcCeK5pMQGcgCqCrWsi+I2rpIbk0rAhdrN+ke7f34tIrgPwA68ensrpin+9+fZvuV2OtzHmuipwduSY6HswdA==}
    engines: {node: '>=16.13'}
    requiresBuild: true
    peerDependencies:
      prisma: '*'
    peerDependenciesMeta:
      prisma:
        optional: true
    dependencies:
      '@prisma/engines-version': 5.1.1-1.6a3747c37ff169c90047725a05a6ef02e32ac97e
    dev: true

  /@prisma/engines-version@5.1.1-1.6a3747c37ff169c90047725a05a6ef02e32ac97e:
    resolution: {integrity: sha512-owZqbY/wucbr65bXJ/ljrHPgQU5xXTSkmcE/JcbqE1kusuAXV/TLN3/exmz21SZ5rJ7WDkyk70J2G/n68iogbQ==}
    dev: true

  /@types/node@20.5.1:
    resolution: {integrity: sha512-4tT2UrL5LBqDwoed9wZ6N3umC4Yhz3W3FloMmiiG4JwmUJWpie0c7lcnUNd4gtMKuDEO4wRVS8B6Xa0uMRsMKg==}
    dev: true

  /typescript@5.1.6:
    resolution: {integrity: sha512-zaWCozRZ6DLEWAWFrVDz1H6FVXzUSfTy5FUMWsQlU8Ym5JP9eO4xkTIROFCQvhQf61z6O/G6ugw3SgAnvvm+HA==}
    engines: {node: '>=14.17'}
    hasBin: true
    dev: true
